
Microsoft Visual Studio Solution File, Format Version 10.00
# Visual Studio 2008
Project("{8BC9CEB8-8B4A-11D0-8D11-00A0C91BC942}") = "Nuclear", "Nuclear.vcproj", "{93CAC253-EFE6-4FF5-ACE5-D18A9D7327DF}"
EndProject
Global
	GlobalSection(SolutionConfigurationPlatforms) = preSolution
		Debug|Win32 = Debug|Win32
		Release|Win32 = Release|Win32
	EndGlobalSection
	GlobalSection(ProjectConfigurationPlatforms) = postSolution
		{93CAC253-EFE6-4FF5-ACE5-D18A9D7327DF}.Debug|Win32.ActiveCfg = Debug|Win32
		{93CAC253-EFE6-4FF5-ACE5-D18A9D7327DF}.Debug|Win32.Build.0 = Debug|Win32
		{93CAC253-EFE6-4FF5-ACE5-D18A9D7327DF}.Release|Win32.ActiveCfg = Release|Win32
		{93CAC253-EFE6-4FF5-ACE5-D18A9D7327DF}.Release|Win32.Build.0 = Release|Win32
	EndGlobalSection
	GlobalSection(SolutionProperties) = preSolution
		HideSolutionNode = FALSE
	EndGlobalSection
EndGlobal
