
Microsoft Visual Studio Solution File, Format Version 10.00
# Visual Studio 2008
Project("{8BC9CEB8-8B4A-11D0-8D11-00A0C91BC942}") = "Calculator", "Calculator.vcproj", "{F8CC4C29-2585-4296-B496-184601F02B5B}"
EndProject
Global
	GlobalSection(SolutionConfigurationPlatforms) = preSolution
		Debug|Win32 = Debug|Win32
		Release|Win32 = Release|Win32
	EndGlobalSection
	GlobalSection(ProjectConfigurationPlatforms) = postSolution
		{F8CC4C29-2585-4296-B496-184601F02B5B}.Debug|Win32.ActiveCfg = Debug|Win32
		{F8CC4C29-2585-4296-B496-184601F02B5B}.Debug|Win32.Build.0 = Debug|Win32
		{F8CC4C29-2585-4296-B496-184601F02B5B}.Release|Win32.ActiveCfg = Release|Win32
		{F8CC4C29-2585-4296-B496-184601F02B5B}.Release|Win32.Build.0 = Release|Win32
	EndGlobalSection
	GlobalSection(SolutionProperties) = preSolution
		HideSolutionNode = FALSE
	EndGlobalSection
EndGlobal
